PODS:
  - Alamofire (4.5.0)
  - KFSwiftImageLoader (3.0.0)

DEPENDENCIES:
  - Alamofire (~> 4.4)
  - KFSwiftImageLoader (~> 3.0)

SPEC CHECKSUMS:
  Alamofire: f28cdffd29de33a7bfa022cbd63ae95a27fae140
  KFSwiftImageLoader: c4656d614329480308b190c2b6f15015a4018ffc

PODFILE CHECKSUM: b8b5a52decada2153fe63aae9732edb71d5d7971

COCOAPODS: 1.2.1
